
Microsoft Visual Studio Solution File, Format Version 12.00
# Visual Studio Version 16
VisualStudioVersion = 25.0.1706.8
MinimumVisualStudioVersion = 10.0.40219.1
Project("{FAE04EC0-301F-11D3-BF4B-00C04F79EFBC}") = "PokerAdmin", "PokerAdmin\PokerAdmin.csproj", "{5891BDEF-1786-460F-AF2F-5BA67ADEC457}"
EndProject
Global
	GlobalSection(SolutionConfigurationPlatforms) = preSolution
		Debug|Any CPU = Debug|Any CPU
		Release|Any CPU = Release|Any CPU
	EndGlobalSection
	GlobalSection(ProjectConfigurationPlatforms) = postSolution
		{5891BDEF-1786-460F-AF2F-5BA67ADEC457}.Debug|Any CPU.ActiveCfg = Debug|Any CPU
		{5891BDEF-1786-460F-AF2F-5BA67ADEC457}.Debug|Any CPU.Build.0 = Debug|Any CPU
		{5891BDEF-1786-460F-AF2F-5BA67ADEC457}.Release|Any CPU.ActiveCfg = Release|Any CPU
		{5891BDEF-1786-460F-AF2F-5BA67ADEC457}.Release|Any CPU.Build.0 = Release|Any CPU
	EndGlobalSection
	GlobalSection(SolutionProperties) = preSolution
		HideSolutionNode = FALSE
	EndGlobalSection
	GlobalSection(ExtensibilityGlobals) = postSolution
		SolutionGuid = {AFF4FF8B-07D2-4D8C-BCBF-C72CA8B653D5}
	EndGlobalSection
EndGlobal
